
Microsoft Visual Studio Solution File, Format Version 12.00
# Visual Studio Version 16
VisualStudioVersion = 16.0.30907.101
MinimumVisualStudioVersion = 10.0.40219.1
Project("{FAE04EC0-301F-11D3-BF4B-00C04F79EFBC}") = "Test_IntegraMedia_FacundoMartinez", "Test_IntegraMedia_FacundoMartinez\Test_IntegraMedia_FacundoMartinez.csproj", "{925887C7-08E5-4087-B53A-3FBCA3D836F9}"
EndProject
Global
	GlobalSection(SolutionConfigurationPlatforms) = preSolution
		Debug|Any CPU = Debug|Any CPU
		Release|Any CPU = Release|Any CPU
	EndGlobalSection
	GlobalSection(ProjectConfigurationPlatforms) = postSolution
		{925887C7-08E5-4087-B53A-3FBCA3D836F9}.Debug|Any CPU.ActiveCfg = Debug|Any CPU
		{925887C7-08E5-4087-B53A-3FBCA3D836F9}.Debug|Any CPU.Build.0 = Debug|Any CPU
		{925887C7-08E5-4087-B53A-3FBCA3D836F9}.Release|Any CPU.ActiveCfg = Release|Any CPU
		{925887C7-08E5-4087-B53A-3FBCA3D836F9}.Release|Any CPU.Build.0 = Release|Any CPU
	EndGlobalSection
	GlobalSection(SolutionProperties) = preSolution
		HideSolutionNode = FALSE
	EndGlobalSection
	GlobalSection(ExtensibilityGlobals) = postSolution
		SolutionGuid = {0B4E3090-7BC4-444D-BC65-52768AA5071A}
	EndGlobalSection
EndGlobal
